{
  "nodes": {
    "flake-parts": {
      "inputs": {
        "nixpkgs-lib": "nixpkgs-lib"
      },
      "locked": {
        "lastModified": 1782949081,
        "narHash": "sha256-vp6Y/Grm98ESt6ceOkWiHWyZRDV3J1RID4w+6NWK9yA=",
        "owner": "hercules-ci",
        "repo": "flake-parts",
        "rev": "17c9d6cdfc60c64f4ee8d306f9bc0b4ccb51481e",
        "type": "github"
      },
      "original": {
        "owner": "hercules-ci",
        "repo": "flake-parts",
        "type": "github"
      }
    },
    "flake-utils": {
      "inputs": {
        "systems": [
          "mangowm",
          "scenefx",
          "systems"
        ]
      },
      "locked": {
        "lastModified": 1731533236,
        "narHash": "sha256-l0KFg5HjrsfsO/JpG+r7fRrqm12kzFHyUHqHCVpMMbI=",
        "owner": "numtide",
        "repo": "flake-utils",
        "rev": "11707dc2f618dd54ca8739b309ec4fc024de578b",
        "type": "github"
      },
      "original": {
        "owner": "numtide",
        "repo": "flake-utils",
        "type": "github"
      }
    },
    "flake-utils_2": {
      "inputs": {
        "systems": "systems_2"
      },
      "locked": {
        "lastModified": 1731533236,
        "narHash": "sha256-l0KFg5HjrsfsO/JpG+r7fRrqm12kzFHyUHqHCVpMMbI=",
        "owner": "numtide",
        "repo": "flake-utils",
        "rev": "11707dc2f618dd54ca8739b309ec4fc024de578b",
        "type": "github"
      },
      "original": {
        "owner": "numtide",
        "repo": "flake-utils",
        "type": "github"
      }
    },
    "gslapper": {
      "inputs": {
        "flake-utils": [
          "sysc-greet",
          "flake-utils"
        ],
        "nixpkgs": [
          "sysc-greet",
          "nixpkgs"
        ]
      },
      "locked": {
        "lastModified": 1771646943,
        "narHash": "sha256-9xRcrQaiNVQzynncoWepaT4SzzMeZoFopIcuPIch2iY=",
        "owner": "Nomadcxx",
        "repo": "gSlapper",
        "rev": "6e18f69f21f1b3ef1afb1c7b8eaf1b4890a716ef",
        "type": "github"
      },
      "original": {
        "owner": "Nomadcxx",
        "repo": "gSlapper",
        "type": "github"
      }
    },
    "home-manager": {
      "inputs": {
        "nixpkgs": [
          "nixpkgs"
        ]
      },
      "locked": {
        "lastModified": 1786719456,
        "narHash": "sha256-B74DLQs/VjlqyhnnX3tguWwghqJHWSJX30TKZuAljIg=",
        "owner": "nix-community",
        "repo": "home-manager",
        "rev": "83b7606dcf44abe3a94b86e8bb2b3355d22e8797",
        "type": "github"
      },
      "original": {
        "owner": "nix-community",
        "repo": "home-manager",
        "type": "github"
      }
    },
    "mangowm": {
      "inputs": {
        "flake-parts": "flake-parts",
        "nixpkgs": [
          "nixpkgs"
        ],
        "scenefx": "scenefx"
      },
      "locked": {
        "lastModified": 1789733420,
        "narHash": "sha256-4d9ElTreY4LCPBslhqAxC92D8VfZTNd1Dz85ioEtCK4=",
        "owner": "mangowm",
        "repo": "mango",
        "rev": "766da93fa6fa816140d2c22c9f8c3a644f3e666e",
        "type": "github"
      },
      "original": {
        "owner": "mangowm",
        "repo": "mango",
        "type": "github"
      }
    },
    "nixpkgs": {
      "locked": {
        "lastModified": 1786384358,
        "narHash": "sha256-RzPPiWeUtuvymnpuEWsdtzli5w4kjZs49FqEs3/1u+I=",
        "owner": "nixos",
        "repo": "nixpkgs",
        "rev": "2fcb964de67fcf60b43471c55d5d99e61a9ccb5a",
        "type": "github"
      },
      "original": {
        "owner": "nixos",
        "ref": "nixos-unstable",
        "repo": "nixpkgs",
        "type": "github"
      }
    },
    "nixpkgs-lib": {
      "locked": {
        "lastModified": 1782614948,
        "narHash": "sha256-ePjCwr1sNm9NYUqywL7QfK3JnlS015msC+eBu2zKlp8=",
        "owner": "nix-community",
        "repo": "nixpkgs.lib",
        "rev": "db3f255737b94216eb71cce308e2912cf6bc2d7c",
        "type": "github"
      },
      "original": {
        "owner": "nix-community",
        "repo": "nixpkgs.lib",
        "type": "github"
      }
    },
    "nixpkgs_2": {
      "locked": {
        "lastModified": 1786599213,
        "narHash": "sha256-yNJd40f11EzXBjSByCB7IPpeFFAdeoSKKM67dGkfFoU=",
        "owner": "nixos",
        "repo": "nixpkgs",
        "rev": "0e251e24a4f24e036a084b6b4b2d2491af4167f4",
        "type": "github"
      },
      "original": {
        "owner": "nixos",
        "ref": "nixos-unstable",
        "repo": "nixpkgs",
        "type": "github"
      }
    },
    "noctalia": {
      "inputs": {
        "nixpkgs": [
          "nixpkgs"
        ]
      },
      "locked": {
        "lastModified": 1786338498,
        "narHash": "sha256-qy3Cheg/FQ9ZaBPTIgdq4IkmkNtC6XBpmtC8nT+wU/Y=",
        "owner": "noctalia-dev",
        "repo": "noctalia",
        "rev": "45e721ba0fb47d6efc00ca47e156237954037c99",
        "type": "github"
      },
      "original": {
        "owner": "noctalia-dev",
        "ref": "v5.0.0-beta.8",
        "repo": "noctalia",
        "type": "github"
      }
    },
    "root": {
      "inputs": {
        "home-manager": "home-manager",
        "mangowm": "mangowm",
        "nixpkgs": "nixpkgs",
        "noctalia": "noctalia",
        "sysc-greet": "sysc-greet",
        "zen-browser": "zen-browser"
      }
    },
    "scenefx": {
      "inputs": {
        "flake-utils": "flake-utils",
        "nixpkgs": [
          "mangowm",
          "nixpkgs"
        ],
        "systems": "systems"
      },
      "locked": {
        "lastModified": 1782624992,
        "narHash": "sha256-vUjLG6eubEhJJVa9LPygIcVmNoHwYbSUTJcWEcbxnU4=",
        "owner": "wlrfx",
        "repo": "scenefx",
        "rev": "37ccd723bef49e6891156ffafce8f549f01446cc",
        "type": "github"
      },
      "original": {
        "owner": "wlrfx",
        "repo": "scenefx",
        "type": "github"
      }
    },
    "sysc-greet": {
      "inputs": {
        "flake-utils": "flake-utils_2",
        "gslapper": "gslapper",
        "nixpkgs": [
          "nixpkgs"
        ]
      },
      "locked": {
        "lastModified": 1784905908,
        "narHash": "sha256-hf6UN1ZmwtlmSovgRETR+xurMX3eop247GmAiRBmS58=",
        "owner": "Nomadcxx",
        "repo": "sysc-greet",
        "rev": "e2a3966b7cc10795a962c16f660380f7e21c5bdd",
        "type": "github"
      },
      "original": {
        "owner": "Nomadcxx",
        "repo": "sysc-greet",
        "type": "github"
      }
    },
    "systems": {
      "locked": {
        "lastModified": 1689347949,
        "narHash": "sha256-12tWmuL2zgBgZkdoB6qXZsgJEH9LR3oUgpaQq2RbI80=",
        "owner": "nix-systems",
        "repo": "default-linux",
        "rev": "31732fcf5e8fea42e59c2488ad31a0e651500f68",
        "type": "github"
      },
      "original": {
        "owner": "nix-systems",
        "repo": "default-linux",
        "type": "github"
      }
    },
    "systems_2": {
      "locked": {
        "lastModified": 1681028828,
        "narHash": "sha256-Vy1rq5AaRuLzOxct8nz4T6wlgyUR7zLU309k9mBC768=",
        "owner": "nix-systems",
        "repo": "default",
        "rev": "da67096a3b9bf56a91d16901293e51ba5b49a27e",
        "type": "github"
      },
      "original": {
        "owner": "nix-systems",
        "repo": "default",
        "type": "github"
      }
    },
    "zen-browser": {
      "inputs": {
        "nixpkgs": "nixpkgs_2"
      },
      "locked": {
        "lastModified": 1786685380,
        "narHash": "sha256-3ZuubfWk7CHPF/60w5BVrVkzdO7Oed1MgZ+ugLsgww8=",
        "owner": "youwen5",
        "repo": "zen-browser-flake",
        "rev": "e1e4aa6433a352f07059aeb8483ae42deb61f9b2",
        "type": "github"
      },
      "original": {
        "owner": "youwen5",
        "repo": "zen-browser-flake",
        "type": "github"
      }
    }
  },
  "root": "root",
  "version": 7
}
